{
      "name": "engine.io-client",
      "version": "0.2.2",
      "lockfileVersion": 1,
      "requires": true,
      "dependencies": {
            "xmlhttprequest-cookie": {
                  "version": "0.9.9",
                  "resolved": "https://registry.npmjs.org/xmlhttprequest-cookie/-/xmlhttprequest-cookie-0.9.9.tgz",
                  "integrity": "sha512-39xloHdqRonNUa68sTiCqOfXK1AKAEPU0mKCfNsDL+D6zkQoz8DNqJpN/vitCOo1xUvHiHH8K8Z3RiM7wMkxpQ==",
                  "requires": {
                        "xmlhttprequest": ">=1.8.0"
                  },
                  "dependencies": {
                        "xmlhttprequest": {
                              "version": "1.8.0",
                              "resolved": "https://registry.npmjs.org/xmlhttprequest/-/xmlhttprequest-1.8.0.tgz",
                              "integrity": "sha1-Z/4HXFwk/vOfnWX197f+dRcZaPw="
                        }
                  }
            }
      }
}
